
Microsoft Visual Studio Solution File, Format Version 12.00
# Visual Studio Version 17
VisualStudioVersion = 17.0.31903.59
MinimumVisualStudioVersion = 10.0.40219.1
Project("{FAE04EC0-301F-11D3-BF4B-00C04F79EFBC}") = "CSharp10Demo1", "CSharp10Demo1\CSharp10Demo1.csproj", "{99B34DF2-1443-4676-8B5A-74A081924CB8}"
EndProject
Global
	GlobalSection(SolutionConfigurationPlatforms) = preSolution
		Debug|Any CPU = Debug|Any CPU
		Release|Any CPU = Release|Any CPU
	EndGlobalSection
	GlobalSection(ProjectConfigurationPlatforms) = postSolution
		{99B34DF2-1443-4676-8B5A-74A081924CB8}.Debug|Any CPU.ActiveCfg = Debug|Any CPU
		{99B34DF2-1443-4676-8B5A-74A081924CB8}.Debug|Any CPU.Build.0 = Debug|Any CPU
		{99B34DF2-1443-4676-8B5A-74A081924CB8}.Release|Any CPU.ActiveCfg = Release|Any CPU
		{99B34DF2-1443-4676-8B5A-74A081924CB8}.Release|Any CPU.Build.0 = Release|Any CPU
	EndGlobalSection
	GlobalSection(SolutionProperties) = preSolution
		HideSolutionNode = FALSE
	EndGlobalSection
	GlobalSection(ExtensibilityGlobals) = postSolution
		SolutionGuid = {D0180569-2B61-46BF-86FA-2B3EEAED4CDE}
	EndGlobalSection
EndGlobal
